
Microsoft Visual Studio Solution File, Format Version 12.00
# Visual Studio Version 17
VisualStudioVersion = 17.2.32630.192
MinimumVisualStudioVersion = 10.0.40219.1
Project("{FAE04EC0-301F-11D3-BF4B-00C04F79EFBC}") = "PersonalFinanceManagement", "PersonalFinanceManagement\PersonalFinanceManagement.csproj", "{A034FBD9-1DD0-41AC-B9D4-0D3CCE080658}"
EndProject
Global
	GlobalSection(SolutionConfigurationPlatforms) = preSolution
		Debug|Any CPU = Debug|Any CPU
		Release|Any CPU = Release|Any CPU
	EndGlobalSection
	GlobalSection(ProjectConfigurationPlatforms) = postSolution
		{A034FBD9-1DD0-41AC-B9D4-0D3CCE080658}.Debug|Any CPU.ActiveCfg = Debug|Any CPU
		{A034FBD9-1DD0-41AC-B9D4-0D3CCE080658}.Debug|Any CPU.Build.0 = Debug|Any CPU
		{A034FBD9-1DD0-41AC-B9D4-0D3CCE080658}.Release|Any CPU.ActiveCfg = Release|Any CPU
		{A034FBD9-1DD0-41AC-B9D4-0D3CCE080658}.Release|Any CPU.Build.0 = Release|Any CPU
	EndGlobalSection
	GlobalSection(SolutionProperties) = preSolution
		HideSolutionNode = FALSE
	EndGlobalSection
	GlobalSection(ExtensibilityGlobals) = postSolution
		SolutionGuid = {948B7E5C-2102-4214-88AE-3D8576236661}
	EndGlobalSection
EndGlobal
